
Microsoft Visual Studio Solution File, Format Version 12.00
# Visual Studio 15
VisualStudioVersion = 15.0.28307.645
MinimumVisualStudioVersion = 10.0.40219.1
Project("{FAE04EC0-301F-11D3-BF4B-00C04F79EFBC}") = "TrackWorkout.Android", "TrackWorkout\TrackWorkout.Android\TrackWorkout.Android.csproj", "{54CB82B8-9B76-473F-81AB-AE581B5E9C1D}"
EndProject
Project("{FAE04EC0-301F-11D3-BF4B-00C04F79EFBC}") = "TrackWorkout.iOS", "TrackWorkout\TrackWorkout.iOS\TrackWorkout.iOS.csproj", "{F5858269-9C3B-4050-86FD-64149D37C8E0}"
EndProject
Project("{9A19103F-16F7-4668-BE54-9A1E7A4F7556}") = "TrackWorkout", "TrackWorkout\TrackWorkout\TrackWorkout.csproj", "{A0F32E70-0A5B-4D02-82A9-67BE645E8C94}"
EndProject
Global
	GlobalSection(SolutionConfigurationPlatforms) = preSolution
		Ad-Hoc|Any CPU = Ad-Hoc|Any CPU
		Ad-Hoc|iPhone = Ad-Hoc|iPhone
		Ad-Hoc|iPhoneSimulator = Ad-Hoc|iPhoneSimulator
		AppStore|Any CPU = AppStore|Any CPU
		AppStore|iPhone = AppStore|iPhone
		AppStore|iPhoneSimulator = AppStore|iPhoneSimulator
		Debug|Any CPU = Debug|Any CPU
		Debug|iPhone = Debug|iPhone
		Debug|iPhoneSimulator = Debug|iPhoneSimulator
		Release|Any CPU = Release|Any CPU
		Release|iPhone = Release|iPhone
		Release|iPhoneSimulator = Release|iPhoneSimulator
	EndGlobalSection
	GlobalSection(ProjectConfigurationPlatforms) = postSolution
		{54CB82B8-9B76-473F-81AB-AE581B5E9C1D}.Ad-Hoc|Any CPU.ActiveCfg = Release|Any CPU
		{54CB82B8-9B76-473F-81AB-AE581B5E9C1D}.Ad-Hoc|Any CPU.Build.0 = Release|Any CPU
		{54CB82B8-9B76-473F-81AB-AE581B5E9C1D}.Ad-Hoc|Any CPU.Deploy.0 = Release|Any CPU
		{54CB82B8-9B76-473F-81AB-AE581B5E9C1D}.Ad-Hoc|iPhone.ActiveCfg = Release|Any CPU
		{54CB82B8-9B76-473F-81AB-AE581B5E9C1D}.Ad-Hoc|iPhone.Build.0 = Release|Any CPU
		{54CB82B8-9B76-473F-81AB-AE581B5E9C1D}.Ad-Hoc|iPhone.Deploy.0 = Release|Any CPU
		{54CB82B8-9B76-473F-81AB-AE581B5E9C1D}.Ad-Hoc|iPhoneSimulator.ActiveCfg = Release|Any CPU
		{54CB82B8-9B76-473F-81AB-AE581B5E9C1D}.Ad-Hoc|iPhoneSimulator.Build.0 = Release|Any CPU
		{54CB82B8-9B76-473F-81AB-AE581B5E9C1D}.Ad-Hoc|iPhoneSimulator.Deploy.0 = Release|Any CPU
		{54CB82B8-9B76-473F-81AB-AE581B5E9C1D}.AppStore|Any CPU.ActiveCfg = Release|Any CPU
		{54CB82B8-9B76-473F-81AB-AE581B5E9C1D}.AppStore|Any CPU.Build.0 = Release|Any CPU
		{54CB82B8-9B76-473F-81AB-AE581B5E9C1D}.AppStore|Any CPU.Deploy.0 = Release|Any CPU
		{54CB82B8-9B76-473F-81AB-AE581B5E9C1D}.AppStore|iPhone.ActiveCfg = Release|Any CPU
		{54CB82B8-9B76-473F-81AB-AE581B5E9C1D}.AppStore|iPhone.Build.0 = Release|Any CPU
		{54CB82B8-9B76-473F-81AB-AE581B5E9C1D}.AppStore|iPhone.Deploy.0 = Release|Any CPU
		{54CB82B8-9B76-473F-81AB-AE581B5E9C1D}.AppStore|iPhoneSimulator.ActiveCfg = Release|Any CPU
		{54CB82B8-9B76-473F-81AB-AE581B5E9C1D}.AppStore|iPhoneSimulator.Build.0 = Release|Any CPU
		{54CB82B8-9B76-473F-81AB-AE581B5E9C1D}.AppStore|iPhoneSimulator.Deploy.0 = Release|Any CPU
		{54CB82B8-9B76-473F-81AB-AE581B5E9C1D}.Debug|Any CPU.ActiveCfg = Debug|Any CPU
		{54CB82B8-9B76-473F-81AB-AE581B5E9C1D}.Debug|Any CPU.Build.0 = Debug|Any CPU
		{54CB82B8-9B76-473F-81AB-AE581B5E9C1D}.Debug|Any CPU.Deploy.0 = Debug|Any CPU
		{54CB82B8-9B76-473F-81AB-AE581B5E9C1D}.Debug|iPhone.ActiveCfg = Debug|Any CPU
		{54CB82B8-9B76-473F-81AB-AE581B5E9C1D}.Debug|iPhone.Build.0 = Debug|Any CPU
		{54CB82B8-9B76-473F-81AB-AE581B5E9C1D}.Debug|iPhone.Deploy.0 = Debug|Any CPU
		{54CB82B8-9B76-473F-81AB-AE581B5E9C1D}.Debug|iPhoneSimulator.ActiveCfg = Debug|Any CPU
		{54CB82B8-9B76-473F-81AB-AE581B5E9C1D}.Debug|iPhoneSimulator.Build.0 = Debug|Any CPU
		{54CB82B8-9B76-473F-81AB-AE581B5E9C1D}.Debug|iPhoneSimulator.Deploy.0 = Debug|Any CPU
		{54CB82B8-9B76-473F-81AB-AE581B5E9C1D}.Release|Any CPU.ActiveCfg = Debug|Any CPU
		{54CB82B8-9B76-473F-81AB-AE581B5E9C1D}.Release|Any CPU.Build.0 = Debug|Any CPU
		{54CB82B8-9B76-473F-81AB-AE581B5E9C1D}.Release|Any CPU.Deploy.0 = Debug|Any CPU
		{54CB82B8-9B76-473F-81AB-AE581B5E9C1D}.Release|iPhone.ActiveCfg = Release|Any CPU
		{54CB82B8-9B76-473F-81AB-AE581B5E9C1D}.Release|iPhone.Build.0 = Release|Any CPU
		{54CB82B8-9B76-473F-81AB-AE581B5E9C1D}.Release|iPhone.Deploy.0 = Release|Any CPU
		{54CB82B8-9B76-473F-81AB-AE581B5E9C1D}.Release|iPhoneSimulator.ActiveCfg = Release|Any CPU
		{54CB82B8-9B76-473F-81AB-AE581B5E9C1D}.Release|iPhoneSimulator.Build.0 = Release|Any CPU
		{54CB82B8-9B76-473F-81AB-AE581B5E9C1D}.Release|iPhoneSimulator.Deploy.0 = Release|Any CPU
		{F5858269-9C3B-4050-86FD-64149D37C8E0}.Ad-Hoc|Any CPU.ActiveCfg = Ad-Hoc|iPhone
		{F5858269-9C3B-4050-86FD-64149D37C8E0}.Ad-Hoc|Any CPU.Build.0 = Ad-Hoc|iPhone
		{F5858269-9C3B-4050-86FD-64149D37C8E0}.Ad-Hoc|Any CPU.Deploy.0 = Ad-Hoc|iPhone
		{F5858269-9C3B-4050-86FD-64149D37C8E0}.Ad-Hoc|iPhone.ActiveCfg = Ad-Hoc|iPhone
		{F5858269-9C3B-4050-86FD-64149D37C8E0}.Ad-Hoc|iPhone.Build.0 = Ad-Hoc|iPhone
		{F5858269-9C3B-4050-86FD-64149D37C8E0}.Ad-Hoc|iPhone.Deploy.0 = Ad-Hoc|iPhone
		{F5858269-9C3B-4050-86FD-64149D37C8E0}.Ad-Hoc|iPhoneSimulator.ActiveCfg = Ad-Hoc|iPhoneSimulator
		{F5858269-9C3B-4050-86FD-64149D37C8E0}.Ad-Hoc|iPhoneSimulator.Build.0 = Ad-Hoc|iPhoneSimulator
		{F5858269-9C3B-4050-86FD-64149D37C8E0}.Ad-Hoc|iPhoneSimulator.Deploy.0 = Ad-Hoc|iPhoneSimulator
		{F5858269-9C3B-4050-86FD-64149D37C8E0}.AppStore|Any CPU.ActiveCfg = AppStore|iPhone
		{F5858269-9C3B-4050-86FD-64149D37C8E0}.AppStore|Any CPU.Build.0 = AppStore|iPhone
		{F5858269-9C3B-4050-86FD-64149D37C8E0}.AppStore|Any CPU.Deploy.0 = AppStore|iPhone
		{F5858269-9C3B-4050-86FD-64149D37C8E0}.AppStore|iPhone.ActiveCfg = AppStore|iPhone
		{F5858269-9C3B-4050-86FD-64149D37C8E0}.AppStore|iPhone.Build.0 = AppStore|iPhone
		{F5858269-9C3B-4050-86FD-64149D37C8E0}.AppStore|iPhone.Deploy.0 = AppStore|iPhone
		{F5858269-9C3B-4050-86FD-64149D37C8E0}.AppStore|iPhoneSimulator.ActiveCfg = AppStore|iPhoneSimulator
		{F5858269-9C3B-4050-86FD-64149D37C8E0}.AppStore|iPhoneSimulator.Build.0 = AppStore|iPhoneSimulator
		{F5858269-9C3B-4050-86FD-64149D37C8E0}.AppStore|iPhoneSimulator.Deploy.0 = AppStore|iPhoneSimulator
		{F5858269-9C3B-4050-86FD-64149D37C8E0}.Debug|Any CPU.ActiveCfg = Debug|iPhoneSimulator
		{F5858269-9C3B-4050-86FD-64149D37C8E0}.Debug|Any CPU.Build.0 = Debug|iPhoneSimulator
		{F5858269-9C3B-4050-86FD-64149D37C8E0}.Debug|Any CPU.Deploy.0 = Debug|iPhoneSimulator
		{F5858269-9C3B-4050-86FD-64149D37C8E0}.Debug|iPhone.ActiveCfg = Debug|iPhone
		{F5858269-9C3B-4050-86FD-64149D37C8E0}.Debug|iPhone.Build.0 = Debug|iPhone
		{F5858269-9C3B-4050-86FD-64149D37C8E0}.Debug|iPhone.Deploy.0 = Debug|iPhone
		{F5858269-9C3B-4050-86FD-64149D37C8E0}.Debug|iPhoneSimulator.ActiveCfg = Debug|iPhoneSimulator
		{F5858269-9C3B-4050-86FD-64149D37C8E0}.Debug|iPhoneSimulator.Build.0 = Debug|iPhoneSimulator
		{F5858269-9C3B-4050-86FD-64149D37C8E0}.Debug|iPhoneSimulator.Deploy.0 = Debug|iPhoneSimulator
		{F5858269-9C3B-4050-86FD-64149D37C8E0}.Release|Any CPU.ActiveCfg = Debug|iPhone
		{F5858269-9C3B-4050-86FD-64149D37C8E0}.Release|Any CPU.Build.0 = Debug|iPhone
		{F5858269-9C3B-4050-86FD-64149D37C8E0}.Release|Any CPU.Deploy.0 = Debug|iPhone
		{F5858269-9C3B-4050-86FD-64149D37C8E0}.Release|iPhone.ActiveCfg = Release|iPhone
		{F5858269-9C3B-4050-86FD-64149D37C8E0}.Release|iPhone.Build.0 = Release|iPhone
		{F5858269-9C3B-4050-86FD-64149D37C8E0}.Release|iPhone.Deploy.0 = Release|iPhone
		{F5858269-9C3B-4050-86FD-64149D37C8E0}.Release|iPhoneSimulator.ActiveCfg = Release|iPhoneSimulator
		{F5858269-9C3B-4050-86FD-64149D37C8E0}.Release|iPhoneSimulator.Build.0 = Release|iPhoneSimulator
		{F5858269-9C3B-4050-86FD-64149D37C8E0}.Release|iPhoneSimulator.Deploy.0 = Release|iPhoneSimulator
		{A0F32E70-0A5B-4D02-82A9-67BE645E8C94}.Ad-Hoc|Any CPU.ActiveCfg = Debug|Any CPU
		{A0F32E70-0A5B-4D02-82A9-67BE645E8C94}.Ad-Hoc|Any CPU.Build.0 = Debug|Any CPU
		{A0F32E70-0A5B-4D02-82A9-67BE645E8C94}.Ad-Hoc|Any CPU.Deploy.0 = Debug|Any CPU
		{A0F32E70-0A5B-4D02-82A9-67BE645E8C94}.Ad-Hoc|iPhone.ActiveCfg = Debug|Any CPU
		{A0F32E70-0A5B-4D02-82A9-67BE645E8C94}.Ad-Hoc|iPhone.Build.0 = Debug|Any CPU
		{A0F32E70-0A5B-4D02-82A9-67BE645E8C94}.Ad-Hoc|iPhone.Deploy.0 = Debug|Any CPU
		{A0F32E70-0A5B-4D02-82A9-67BE645E8C94}.Ad-Hoc|iPhoneSimulator.ActiveCfg = Debug|Any CPU
		{A0F32E70-0A5B-4D02-82A9-67BE645E8C94}.Ad-Hoc|iPhoneSimulator.Build.0 = Debug|Any CPU
		{A0F32E70-0A5B-4D02-82A9-67BE645E8C94}.Ad-Hoc|iPhoneSimulator.Deploy.0 = Debug|Any CPU
		{A0F32E70-0A5B-4D02-82A9-67BE645E8C94}.AppStore|Any CPU.ActiveCfg = Debug|Any CPU
		{A0F32E70-0A5B-4D02-82A9-67BE645E8C94}.AppStore|Any CPU.Build.0 = Debug|Any CPU
		{A0F32E70-0A5B-4D02-82A9-67BE645E8C94}.AppStore|Any CPU.Deploy.0 = Debug|Any CPU
		{A0F32E70-0A5B-4D02-82A9-67BE645E8C94}.AppStore|iPhone.ActiveCfg = Debug|Any CPU
		{A0F32E70-0A5B-4D02-82A9-67BE645E8C94}.AppStore|iPhone.Build.0 = Debug|Any CPU
		{A0F32E70-0A5B-4D02-82A9-67BE645E8C94}.AppStore|iPhone.Deploy.0 = Debug|Any CPU
		{A0F32E70-0A5B-4D02-82A9-67BE645E8C94}.AppStore|iPhoneSimulator.ActiveCfg = Debug|Any CPU
		{A0F32E70-0A5B-4D02-82A9-67BE645E8C94}.AppStore|iPhoneSimulator.Build.0 = Debug|Any CPU
		{A0F32E70-0A5B-4D02-82A9-67BE645E8C94}.AppStore|iPhoneSimulator.Deploy.0 = Debug|Any CPU
		{A0F32E70-0A5B-4D02-82A9-67BE645E8C94}.Debug|Any CPU.ActiveCfg = Debug|Any CPU
		{A0F32E70-0A5B-4D02-82A9-67BE645E8C94}.Debug|Any CPU.Build.0 = Debug|Any CPU
		{A0F32E70-0A5B-4D02-82A9-67BE645E8C94}.Debug|Any CPU.Deploy.0 = Debug|Any CPU
		{A0F32E70-0A5B-4D02-82A9-67BE645E8C94}.Debug|iPhone.ActiveCfg = Debug|Any CPU
		{A0F32E70-0A5B-4D02-82A9-67BE645E8C94}.Debug|iPhone.Build.0 = Debug|Any CPU
		{A0F32E70-0A5B-4D02-82A9-67BE645E8C94}.Debug|iPhone.Deploy.0 = Debug|Any CPU
		{A0F32E70-0A5B-4D02-82A9-67BE645E8C94}.Debug|iPhoneSimulator.ActiveCfg = Debug|Any CPU
		{A0F32E70-0A5B-4D02-82A9-67BE645E8C94}.Debug|iPhoneSimulator.Build.0 = Debug|Any CPU
		{A0F32E70-0A5B-4D02-82A9-67BE645E8C94}.Debug|iPhoneSimulator.Deploy.0 = Debug|Any CPU
		{A0F32E70-0A5B-4D02-82A9-67BE645E8C94}.Release|Any CPU.ActiveCfg = Debug|Any CPU
		{A0F32E70-0A5B-4D02-82A9-67BE645E8C94}.Release|Any CPU.Build.0 = Debug|Any CPU
		{A0F32E70-0A5B-4D02-82A9-67BE645E8C94}.Release|Any CPU.Deploy.0 = Debug|Any CPU
		{A0F32E70-0A5B-4D02-82A9-67BE645E8C94}.Release|iPhone.ActiveCfg = Release|Any CPU
		{A0F32E70-0A5B-4D02-82A9-67BE645E8C94}.Release|iPhone.Build.0 = Release|Any CPU
		{A0F32E70-0A5B-4D02-82A9-67BE645E8C94}.Release|iPhone.Deploy.0 = Release|Any CPU
		{A0F32E70-0A5B-4D02-82A9-67BE645E8C94}.Release|iPhoneSimulator.ActiveCfg = Release|Any CPU
		{A0F32E70-0A5B-4D02-82A9-67BE645E8C94}.Release|iPhoneSimulator.Build.0 = Release|Any CPU
		{A0F32E70-0A5B-4D02-82A9-67BE645E8C94}.Release|iPhoneSimulator.Deploy.0 = Release|Any CPU
	EndGlobalSection
	GlobalSection(SolutionProperties) = preSolution
		HideSolutionNode = FALSE
	EndGlobalSection
	GlobalSection(ExtensibilityGlobals) = postSolution
		SolutionGuid = {CE48AE47-3742-4370-9824-E25CF9629320}
	EndGlobalSection
EndGlobal
